
Microsoft Visual Studio Solution File, Format Version 12.00
# Visual Studio Version 17
VisualStudioVersion = 17.6.33829.357
MinimumVisualStudioVersion = 10.0.40219.1
Project("{FAE04EC0-301F-11D3-BF4B-00C04F79EFBC}") = "Casgem_Ajax", "Casgem_Ajax\Casgem_Ajax.csproj", "{66D09092-EB7E-4E33-8EF1-C831AA26CFC8}"
EndProject
Global
	GlobalSection(SolutionConfigurationPlatforms) = preSolution
		Debug|Any CPU = Debug|Any CPU
		Release|Any CPU = Release|Any CPU
	EndGlobalSection
	GlobalSection(ProjectConfigurationPlatforms) = postSolution
		{66D09092-EB7E-4E33-8EF1-C831AA26CFC8}.Debug|Any CPU.ActiveCfg = Debug|Any CPU
		{66D09092-EB7E-4E33-8EF1-C831AA26CFC8}.Debug|Any CPU.Build.0 = Debug|Any CPU
		{66D09092-EB7E-4E33-8EF1-C831AA26CFC8}.Release|Any CPU.ActiveCfg = Release|Any CPU
		{66D09092-EB7E-4E33-8EF1-C831AA26CFC8}.Release|Any CPU.Build.0 = Release|Any CPU
	EndGlobalSection
	GlobalSection(SolutionProperties) = preSolution
		HideSolutionNode = FALSE
	EndGlobalSection
	GlobalSection(ExtensibilityGlobals) = postSolution
		SolutionGuid = {3ECAB221-6010-4CBC-82DB-7A8B0D804F00}
	EndGlobalSection
EndGlobal
